# This file was autogenerated by Stack.
# You should not edit this file by hand.
# For more information, please see the documentation at:
#   https://docs.haskellstack.org/en/stable/lock_files

packages:
- completed:
    hackage: discord-haskell-1.8.5@sha256:56265067a27de25c8f372b3ecf3c282d7c1927503ba59a5b0a9d01fd81e268a0,3562
    pantry-tree:
      size: 2107
      sha256: 47930963df17ed0e1946b058b55c5b32c9b93d062124ed72d8fefac61e307cf5
  original:
    hackage: discord-haskell-1.8.5
- completed:
    hackage: emoji-0.1.0.2@sha256:d995572a5c7dcd28f98eb15c6e387a7b3bda1ac2477ab0d9dba8580d5d7b161f,1273
    pantry-tree:
      size: 437
      sha256: dd9ea90a631342e5db0fc21331ade4d563a685e9125d5a3989eefa8e1b96c6c6
  original:
    hackage: emoji-0.1.0.2
snapshots:
- completed:
    size: 532177
    url: https://raw.githubusercontent.com/commercialhaskell/stackage-snapshots/master/lts/16/20.yaml
    sha256: 0e14ba5603f01e8496e8984fd84b545a012ca723f51a098c6c9d3694e404dc6d
  original: lts-16.20
