# This file was autogenerated by Stack.
# You should not edit this file by hand.
# For more information, please see the documentation at:
#   https://docs.haskellstack.org/en/stable/lock_files

packages:
- completed:
    hackage: discord-haskell-1.15.3@sha256:abcd8dfb9fc8bad858ec7aac4873fd58200acba21da78a918c73b65eaa6a592a,5958
    pantry-tree:
      size: 3241
      sha256: f6774f1547d4aabe2db431ae8ba4bb42045d40e6a71fa7840cd859fb7da61971
  original:
    hackage: discord-haskell-1.15.3@rev:1
- completed:
    hackage: emoji-0.1.0.2@sha256:d995572a5c7dcd28f98eb15c6e387a7b3bda1ac2477ab0d9dba8580d5d7b161f,1273
    pantry-tree:
      size: 437
      sha256: dd9ea90a631342e5db0fc21331ade4d563a685e9125d5a3989eefa8e1b96c6c6
  original:
    hackage: emoji-0.1.0.2
- completed:
    hackage: saltine-0.2.0.1@sha256:8b41875d2dcd2b27bf87e1b8b19fc290d07262d7fa0565663db5709fe5c86f50,5221
    pantry-tree:
      size: 5016
      sha256: 8674160d3426f2be578d4fc3c3690be637902c0de72bcb458b2b98c7ed779949
  original:
    hackage: saltine-0.2.0.1
- completed:
    name: opus
    version: 0.1.0.0
    git: https://github.com/yutotakano/opus.git
    pantry-tree:
      size: 857
      sha256: 4951d56d45993a9863303caed92bd00f721906db67ea13c7fbb9a1b18e2ae9de
    commit: 8ba5739821af9c27cf9d50f03b72b58ed88b913a
  original:
    git: https://github.com/yutotakano/opus.git
    commit: 8ba5739821af9c27cf9d50f03b72b58ed88b913a
- completed:
    name: shecretbox
    version: 0.0.1
    git: https://github.com/yutotakano/shecretbox.git
    pantry-tree:
      size: 1019
      sha256: 2d4c42da625cb3edb69e627484aa19825727897504fa5424eef0057b7a729eeb
    commit: 5979a7ee7e31bd8ed05e84e6e55e2c56b6d8477a
  original:
    git: https://github.com/yutotakano/shecretbox.git
    commit: 5979a7ee7e31bd8ed05e84e6e55e2c56b6d8477a
snapshots:
- completed:
    size: 619405
    url: https://raw.githubusercontent.com/commercialhaskell/stackage-snapshots/master/lts/19/28.yaml
    sha256: 7f4393ad659c579944d12202cffb12d8e4b8114566b015f77bbc303a24cff934
  original: lts-19.28
