# This file was autogenerated by Stack.
# You should not edit this file by hand.
# For more information, please see the documentation at:
#   https://docs.haskellstack.org/en/stable/lock_files

packages:
- completed:
    hackage: discord-haskell-1.9.2@sha256:49b8a4caca243a85ca357917604c9487dd1c7ebf4fbd721b22ae5b4541fe06e6,3630
    pantry-tree:
      size: 2108
      sha256: b766cb866b46143ed7b4c9f7a7aab3450595be3cf797273fdc7cb1665e53903d
  original:
    hackage: discord-haskell-1.9.2
- completed:
    hackage: emoji-0.1.0.2@sha256:d995572a5c7dcd28f98eb15c6e387a7b3bda1ac2477ab0d9dba8580d5d7b161f,1273
    pantry-tree:
      size: 437
      sha256: dd9ea90a631342e5db0fc21331ade4d563a685e9125d5a3989eefa8e1b96c6c6
  original:
    hackage: emoji-0.1.0.2
- completed:
    name: opus
    version: 0.1.0.0
    git: https://github.com/yutotakano/opus.git
    pantry-tree:
      size: 722
      sha256: b2bb5f7fa245c3c8065d361bc153bbb530ab9b54d5e50fc60b13adbf62f91f61
    commit: 742a6dc94300d6d8998926e2225dcb455c75cc10
  original:
    git: https://github.com/yutotakano/opus.git
    commit: 742a6dc94300d6d8998926e2225dcb455c75cc10
snapshots:
- completed:
    size: 567679
    url: https://raw.githubusercontent.com/commercialhaskell/stackage-snapshots/master/lts/17/15.yaml
    sha256: 72e87841a0ab5b72f6f018e8ee692fd972b7bb32a944990f028e10d6eb528e63
  original: lts-17.15
